
Microsoft Visual Studio Solution File, Format Version 12.00
# Visual Studio Version 16
VisualStudioVersion = 16.0.33529.622
MinimumVisualStudioVersion = 10.0.40219.1
Project("{FAE04EC0-301F-11D3-BF4B-00C04F79EFBC}") = "Common", "Common\Common.csproj", "{543507BE-7533-43C4-B0B3-D52C630CC3A4}"
EndProject
Project("{FAE04EC0-301F-11D3-BF4B-00C04F79EFBC}") = "Controller", "Controller\Controller.csproj", "{368AC78A-F916-49D6-8C0C-79174985388B}"
EndProject
Project("{FAE04EC0-301F-11D3-BF4B-00C04F79EFBC}") = "Modelo", "Modelo\Modelo.csproj", "{BBD619E9-6D88-44F6-A5C9-1D540F6E15E7}"
EndProject
Project("{FAE04EC0-301F-11D3-BF4B-00C04F79EFBC}") = "Vista", "Vista\Vista.csproj", "{87D80961-F9AE-4182-99E4-28B26D817FA3}"
EndProject
Global
	GlobalSection(SolutionConfigurationPlatforms) = preSolution
		Debug|Any CPU = Debug|Any CPU
		Release|Any CPU = Release|Any CPU
	EndGlobalSection
	GlobalSection(ProjectConfigurationPlatforms) = postSolution
		{543507BE-7533-43C4-B0B3-D52C630CC3A4}.Debug|Any CPU.ActiveCfg = Debug|Any CPU
		{543507BE-7533-43C4-B0B3-D52C630CC3A4}.Debug|Any CPU.Build.0 = Debug|Any CPU
		{543507BE-7533-43C4-B0B3-D52C630CC3A4}.Release|Any CPU.ActiveCfg = Release|Any CPU
		{543507BE-7533-43C4-B0B3-D52C630CC3A4}.Release|Any CPU.Build.0 = Release|Any CPU
		{368AC78A-F916-49D6-8C0C-79174985388B}.Debug|Any CPU.ActiveCfg = Debug|Any CPU
		{368AC78A-F916-49D6-8C0C-79174985388B}.Debug|Any CPU.Build.0 = Debug|Any CPU
		{368AC78A-F916-49D6-8C0C-79174985388B}.Release|Any CPU.ActiveCfg = Release|Any CPU
		{368AC78A-F916-49D6-8C0C-79174985388B}.Release|Any CPU.Build.0 = Release|Any CPU
		{BBD619E9-6D88-44F6-A5C9-1D540F6E15E7}.Debug|Any CPU.ActiveCfg = Debug|Any CPU
		{BBD619E9-6D88-44F6-A5C9-1D540F6E15E7}.Debug|Any CPU.Build.0 = Debug|Any CPU
		{BBD619E9-6D88-44F6-A5C9-1D540F6E15E7}.Release|Any CPU.ActiveCfg = Release|Any CPU
		{BBD619E9-6D88-44F6-A5C9-1D540F6E15E7}.Release|Any CPU.Build.0 = Release|Any CPU
		{87D80961-F9AE-4182-99E4-28B26D817FA3}.Debug|Any CPU.ActiveCfg = Debug|Any CPU
		{87D80961-F9AE-4182-99E4-28B26D817FA3}.Debug|Any CPU.Build.0 = Debug|Any CPU
		{87D80961-F9AE-4182-99E4-28B26D817FA3}.Release|Any CPU.ActiveCfg = Release|Any CPU
		{87D80961-F9AE-4182-99E4-28B26D817FA3}.Release|Any CPU.Build.0 = Release|Any CPU
	EndGlobalSection
	GlobalSection(SolutionProperties) = preSolution
		HideSolutionNode = FALSE
	EndGlobalSection
	GlobalSection(ExtensibilityGlobals) = postSolution
		SolutionGuid = {6A79974A-4A15-426B-81B1-2D0BABEC2FB6}
	EndGlobalSection
EndGlobal
